
Microsoft Visual Studio Solution File, Format Version 12.00
# Visual Studio Version 17
VisualStudioVersion = 17.9.34728.123
MinimumVisualStudioVersion = 10.0.40219.1
Project("{FAE04EC0-301F-11D3-BF4B-00C04F79EFBC}") = "LEARN_CS", "LEARN_CS.csproj", "{74CD53BF-0CCB-4D08-8C45-B9B96F49198B}"
EndProject
Global
	GlobalSection(SolutionConfigurationPlatforms) = preSolution
		Debug|Any CPU = Debug|Any CPU
		Release|Any CPU = Release|Any CPU
	EndGlobalSection
	GlobalSection(ProjectConfigurationPlatforms) = postSolution
		{74CD53BF-0CCB-4D08-8C45-B9B96F49198B}.Debug|Any CPU.ActiveCfg = Debug|Any CPU
		{74CD53BF-0CCB-4D08-8C45-B9B96F49198B}.Debug|Any CPU.Build.0 = Debug|Any CPU
		{74CD53BF-0CCB-4D08-8C45-B9B96F49198B}.Release|Any CPU.ActiveCfg = Release|Any CPU
		{74CD53BF-0CCB-4D08-8C45-B9B96F49198B}.Release|Any CPU.Build.0 = Release|Any CPU
	EndGlobalSection
	GlobalSection(SolutionProperties) = preSolution
		HideSolutionNode = FALSE
	EndGlobalSection
	GlobalSection(ExtensibilityGlobals) = postSolution
		SolutionGuid = {C8BC348B-C724-446B-93C8-91B484F7ACE2}
	EndGlobalSection
EndGlobal
